
Microsoft Visual Studio Solution File, Format Version 12.00
# Visual Studio Version 17
VisualStudioVersion = 17.4.33213.308
MinimumVisualStudioVersion = 10.0.40219.1
Project("{9A19103F-16F7-4668-BE54-9A1E7A4F7556}") = "DataAccessLayer", "DataAccessLayer\DataAccessLayer.csproj", "{50807506-4FEA-48D1-ACAE-7F67B67326B6}"
EndProject
Project("{9A19103F-16F7-4668-BE54-9A1E7A4F7556}") = "BusinessLogicLayer", "BusinessLogicLayer\BusinessLogicLayer.csproj", "{D16C963D-39AB-42B2-B8D0-105B1FBC270D}"
EndProject
Project("{9A19103F-16F7-4668-BE54-9A1E7A4F7556}") = "PresentationLayer", "PresentationLayer\PresentationLayer.csproj", "{ADB5F34C-70A7-49E3-AC46-5B6463F69CD7}"
EndProject
Global
	GlobalSection(SolutionConfigurationPlatforms) = preSolution
		Debug|Any CPU = Debug|Any CPU
		Release|Any CPU = Release|Any CPU
	EndGlobalSection
	GlobalSection(ProjectConfigurationPlatforms) = postSolution
		{50807506-4FEA-48D1-ACAE-7F67B67326B6}.Debug|Any CPU.ActiveCfg = Debug|Any CPU
		{50807506-4FEA-48D1-ACAE-7F67B67326B6}.Debug|Any CPU.Build.0 = Debug|Any CPU
		{50807506-4FEA-48D1-ACAE-7F67B67326B6}.Release|Any CPU.ActiveCfg = Release|Any CPU
		{50807506-4FEA-48D1-ACAE-7F67B67326B6}.Release|Any CPU.Build.0 = Release|Any CPU
		{D16C963D-39AB-42B2-B8D0-105B1FBC270D}.Debug|Any CPU.ActiveCfg = Debug|Any CPU
		{D16C963D-39AB-42B2-B8D0-105B1FBC270D}.Debug|Any CPU.Build.0 = Debug|Any CPU
		{D16C963D-39AB-42B2-B8D0-105B1FBC270D}.Release|Any CPU.ActiveCfg = Release|Any CPU
		{D16C963D-39AB-42B2-B8D0-105B1FBC270D}.Release|Any CPU.Build.0 = Release|Any CPU
		{ADB5F34C-70A7-49E3-AC46-5B6463F69CD7}.Debug|Any CPU.ActiveCfg = Debug|Any CPU
		{ADB5F34C-70A7-49E3-AC46-5B6463F69CD7}.Debug|Any CPU.Build.0 = Debug|Any CPU
		{ADB5F34C-70A7-49E3-AC46-5B6463F69CD7}.Release|Any CPU.ActiveCfg = Release|Any CPU
		{ADB5F34C-70A7-49E3-AC46-5B6463F69CD7}.Release|Any CPU.Build.0 = Release|Any CPU
	EndGlobalSection
	GlobalSection(SolutionProperties) = preSolution
		HideSolutionNode = FALSE
	EndGlobalSection
	GlobalSection(ExtensibilityGlobals) = postSolution
		SolutionGuid = {C91F2A02-391F-4064-B648-18AA09D9E734}
	EndGlobalSection
EndGlobal
